
Microsoft Visual Studio Solution File, Format Version 12.00
# Visual Studio Version 17
VisualStudioVersion = 17.3.32922.545
MinimumVisualStudioVersion = 10.0.40219.1
Project("{FAE04EC0-301F-11D3-BF4B-00C04F79EFBC}") = "Festivalcito.Server", "Festivalcito\Server\Festivalcito.Server.csproj", "{6002E263-573D-4128-9BA5-3FE2637878EA}"
EndProject
Project("{FAE04EC0-301F-11D3-BF4B-00C04F79EFBC}") = "Festivalcito.Client", "Festivalcito\Client\Festivalcito.Client.csproj", "{303957E9-2658-465F-B219-CA10B9C34F1E}"
EndProject
Project("{FAE04EC0-301F-11D3-BF4B-00C04F79EFBC}") = "Festivalcito.Shared", "Festivalcito\Shared\Festivalcito.Shared.csproj", "{8229BB9A-2D2D-4357-9243-6984C44641CC}"
EndProject
Global
	GlobalSection(SolutionConfigurationPlatforms) = preSolution
		Debug|Any CPU = Debug|Any CPU
		Release|Any CPU = Release|Any CPU
	EndGlobalSection
	GlobalSection(ProjectConfigurationPlatforms) = postSolution
		{6002E263-573D-4128-9BA5-3FE2637878EA}.Debug|Any CPU.ActiveCfg = Debug|Any CPU
		{6002E263-573D-4128-9BA5-3FE2637878EA}.Debug|Any CPU.Build.0 = Debug|Any CPU
		{6002E263-573D-4128-9BA5-3FE2637878EA}.Release|Any CPU.ActiveCfg = Release|Any CPU
		{6002E263-573D-4128-9BA5-3FE2637878EA}.Release|Any CPU.Build.0 = Release|Any CPU
		{303957E9-2658-465F-B219-CA10B9C34F1E}.Debug|Any CPU.ActiveCfg = Debug|Any CPU
		{303957E9-2658-465F-B219-CA10B9C34F1E}.Debug|Any CPU.Build.0 = Debug|Any CPU
		{303957E9-2658-465F-B219-CA10B9C34F1E}.Release|Any CPU.ActiveCfg = Release|Any CPU
		{303957E9-2658-465F-B219-CA10B9C34F1E}.Release|Any CPU.Build.0 = Release|Any CPU
		{8229BB9A-2D2D-4357-9243-6984C44641CC}.Debug|Any CPU.ActiveCfg = Debug|Any CPU
		{8229BB9A-2D2D-4357-9243-6984C44641CC}.Debug|Any CPU.Build.0 = Debug|Any CPU
		{8229BB9A-2D2D-4357-9243-6984C44641CC}.Release|Any CPU.ActiveCfg = Release|Any CPU
		{8229BB9A-2D2D-4357-9243-6984C44641CC}.Release|Any CPU.Build.0 = Release|Any CPU
	EndGlobalSection
	GlobalSection(SolutionProperties) = preSolution
		HideSolutionNode = FALSE
	EndGlobalSection
	GlobalSection(ExtensibilityGlobals) = postSolution
		SolutionGuid = {8F92156C-9FA4-40EA-AD56-36532EC84734}
	EndGlobalSection
EndGlobal
